
Microsoft Visual Studio Solution File, Format Version 12.00
# Visual Studio Version 16
VisualStudioVersion = 16.0.31229.75
MinimumVisualStudioVersion = 10.0.40219.1
Project("{9A19103F-16F7-4668-BE54-9A1E7A4F7556}") = "eStoreMobile.Core", "eStoreMobile.Core\eStoreMobile.Core.csproj", "{6D8B549C-4B05-43BD-8BF2-9718397AFCC3}"
EndProject
Project("{D954291E-2A0B-460D-934E-DC6B0785DB48}") = "eStoreMobile.Shared", "eStoreMobile.Shared\eStoreMobile.Shared.shproj", "{EF5CF715-48CA-477B-BB23-7F750BF970FA}"
EndProject
Project("{2150E333-8FDC-42A3-9474-1A3956D46DE8}") = "Solution Items", "Solution Items", "{9AC78725-C318-486E-86FA-092FBBD49766}"
	ProjectSection(SolutionItems) = preProject
		.editorconfig = .editorconfig
	EndProjectSection
EndProject
Project("{9A19103F-16F7-4668-BE54-9A1E7A4F7556}") = "eStoreMobileX", "eStoreMobileX\eStoreMobileX.csproj", "{65A0BCFE-9828-4750-8266-58C9FD522E2F}"
EndProject
Project("{FAE04EC0-301F-11D3-BF4B-00C04F79EFBC}") = "eStoreMobileX.Android", "eStoreMobileX.Android\eStoreMobileX.Android.csproj", "{50B231F0-E1E7-4F25-9542-899A18C48603}"
EndProject
Project("{FAE04EC0-301F-11D3-BF4B-00C04F79EFBC}") = "eStoreMobileX.iOS", "eStoreMobileX.iOS\eStoreMobileX.iOS.csproj", "{5DEB77EF-EFF1-4508-825D-AF66F1FEF0B0}"
EndProject
Project("{FAE04EC0-301F-11D3-BF4B-00C04F79EFBC}") = "eStoreMobileX.UWP", "eStoreMobileX.UWP\eStoreMobileX.UWP.csproj", "{5619DF83-9C2B-4549-91FC-525BF9BD9554}"
EndProject
Project("{2150E333-8FDC-42A3-9474-1A3956D46DE8}") = "Core", "Core", "{0926AED9-3F92-4FCA-91B9-825D769E7B87}"
EndProject
Global
	GlobalSection(SharedMSBuildProjectFiles) = preSolution
		eStoreMobile.Shared\eStoreMobile.Shared.projitems*{6d8b549c-4b05-43bd-8bf2-9718397afcc3}*SharedItemsImports = 5
		eStoreMobile.Shared\eStoreMobile.Shared.projitems*{ef5cf715-48ca-477b-bb23-7f750bf970fa}*SharedItemsImports = 13
	EndGlobalSection
	GlobalSection(SolutionConfigurationPlatforms) = preSolution
		Ad-Hoc|Any CPU = Ad-Hoc|Any CPU
		Ad-Hoc|ARM = Ad-Hoc|ARM
		Ad-Hoc|iPhone = Ad-Hoc|iPhone
		Ad-Hoc|iPhoneSimulator = Ad-Hoc|iPhoneSimulator
		Ad-Hoc|x64 = Ad-Hoc|x64
		Ad-Hoc|x86 = Ad-Hoc|x86
		AppStore|Any CPU = AppStore|Any CPU
		AppStore|ARM = AppStore|ARM
		AppStore|iPhone = AppStore|iPhone
		AppStore|iPhoneSimulator = AppStore|iPhoneSimulator
		AppStore|x64 = AppStore|x64
		AppStore|x86 = AppStore|x86
		Debug|Any CPU = Debug|Any CPU
		Debug|ARM = Debug|ARM
		Debug|iPhone = Debug|iPhone
		Debug|iPhoneSimulator = Debug|iPhoneSimulator
		Debug|x64 = Debug|x64
		Debug|x86 = Debug|x86
		Release|Any CPU = Release|Any CPU
		Release|ARM = Release|ARM
		Release|iPhone = Release|iPhone
		Release|iPhoneSimulator = Release|iPhoneSimulator
		Release|x64 = Release|x64
		Release|x86 = Release|x86
	EndGlobalSection
	GlobalSection(ProjectConfigurationPlatforms) = postSolution
		{6D8B549C-4B05-43BD-8BF2-9718397AFCC3}.Ad-Hoc|Any CPU.ActiveCfg = Release|Any CPU
		{6D8B549C-4B05-43BD-8BF2-9718397AFCC3}.Ad-Hoc|Any CPU.Build.0 = Release|Any CPU
		{6D8B549C-4B05-43BD-8BF2-9718397AFCC3}.Ad-Hoc|ARM.ActiveCfg = Release|Any CPU
		{6D8B549C-4B05-43BD-8BF2-9718397AFCC3}.Ad-Hoc|ARM.Build.0 = Release|Any CPU
		{6D8B549C-4B05-43BD-8BF2-9718397AFCC3}.Ad-Hoc|iPhone.ActiveCfg = Release|Any CPU
		{6D8B549C-4B05-43BD-8BF2-9718397AFCC3}.Ad-Hoc|iPhone.Build.0 = Release|Any CPU
		{6D8B549C-4B05-43BD-8BF2-9718397AFCC3}.Ad-Hoc|iPhoneSimulator.ActiveCfg = Release|Any CPU
		{6D8B549C-4B05-43BD-8BF2-9718397AFCC3}.Ad-Hoc|iPhoneSimulator.Build.0 = Release|Any CPU
		{6D8B549C-4B05-43BD-8BF2-9718397AFCC3}.Ad-Hoc|x64.ActiveCfg = Release|Any CPU
		{6D8B549C-4B05-43BD-8BF2-9718397AFCC3}.Ad-Hoc|x64.Build.0 = Release|Any CPU
		{6D8B549C-4B05-43BD-8BF2-9718397AFCC3}.Ad-Hoc|x86.ActiveCfg = Release|Any CPU
		{6D8B549C-4B05-43BD-8BF2-9718397AFCC3}.Ad-Hoc|x86.Build.0 = Release|Any CPU
		{6D8B549C-4B05-43BD-8BF2-9718397AFCC3}.AppStore|Any CPU.ActiveCfg = Release|Any CPU
		{6D8B549C-4B05-43BD-8BF2-9718397AFCC3}.AppStore|Any CPU.Build.0 = Release|Any CPU
		{6D8B549C-4B05-43BD-8BF2-9718397AFCC3}.AppStore|ARM.ActiveCfg = Release|Any CPU
		{6D8B549C-4B05-43BD-8BF2-9718397AFCC3}.AppStore|ARM.Build.0 = Release|Any CPU
		{6D8B549C-4B05-43BD-8BF2-9718397AFCC3}.AppStore|iPhone.ActiveCfg = Release|Any CPU
		{6D8B549C-4B05-43BD-8BF2-9718397AFCC3}.AppStore|iPhone.Build.0 = Release|Any CPU
		{6D8B549C-4B05-43BD-8BF2-9718397AFCC3}.AppStore|iPhoneSimulator.ActiveCfg = Release|Any CPU
		{6D8B549C-4B05-43BD-8BF2-9718397AFCC3}.AppStore|iPhoneSimulator.Build.0 = Release|Any CPU
		{6D8B549C-4B05-43BD-8BF2-9718397AFCC3}.AppStore|x64.ActiveCfg = Release|Any CPU
		{6D8B549C-4B05-43BD-8BF2-9718397AFCC3}.AppStore|x64.Build.0 = Release|Any CPU
		{6D8B549C-4B05-43BD-8BF2-9718397AFCC3}.AppStore|x86.ActiveCfg = Release|Any CPU
		{6D8B549C-4B05-43BD-8BF2-9718397AFCC3}.AppStore|x86.Build.0 = Release|Any CPU
		{6D8B549C-4B05-43BD-8BF2-9718397AFCC3}.Debug|Any CPU.ActiveCfg = Debug|Any CPU
		{6D8B549C-4B05-43BD-8BF2-9718397AFCC3}.Debug|Any CPU.Build.0 = Debug|Any CPU
		{6D8B549C-4B05-43BD-8BF2-9718397AFCC3}.Debug|ARM.ActiveCfg = Debug|Any CPU
		{6D8B549C-4B05-43BD-8BF2-9718397AFCC3}.Debug|ARM.Build.0 = Debug|Any CPU
		{6D8B549C-4B05-43BD-8BF2-9718397AFCC3}.Debug|iPhone.ActiveCfg = Debug|Any CPU
		{6D8B549C-4B05-43BD-8BF2-9718397AFCC3}.Debug|iPhone.Build.0 = Debug|Any CPU
		{6D8B549C-4B05-43BD-8BF2-9718397AFCC3}.Debug|iPhoneSimulator.ActiveCfg = Debug|Any CPU
		{6D8B549C-4B05-43BD-8BF2-9718397AFCC3}.Debug|iPhoneSimulator.Build.0 = Debug|Any CPU
		{6D8B549C-4B05-43BD-8BF2-9718397AFCC3}.Debug|x64.ActiveCfg = Debug|Any CPU
		{6D8B549C-4B05-43BD-8BF2-9718397AFCC3}.Debug|x64.Build.0 = Debug|Any CPU
		{6D8B549C-4B05-43BD-8BF2-9718397AFCC3}.Debug|x86.ActiveCfg = Debug|Any CPU
		{6D8B549C-4B05-43BD-8BF2-9718397AFCC3}.Debug|x86.Build.0 = Debug|Any CPU
		{6D8B549C-4B05-43BD-8BF2-9718397AFCC3}.Release|Any CPU.ActiveCfg = Release|Any CPU
		{6D8B549C-4B05-43BD-8BF2-9718397AFCC3}.Release|Any CPU.Build.0 = Release|Any CPU
		{6D8B549C-4B05-43BD-8BF2-9718397AFCC3}.Release|ARM.ActiveCfg = Release|Any CPU
		{6D8B549C-4B05-43BD-8BF2-9718397AFCC3}.Release|ARM.Build.0 = Release|Any CPU
		{6D8B549C-4B05-43BD-8BF2-9718397AFCC3}.Release|iPhone.ActiveCfg = Release|Any CPU
		{6D8B549C-4B05-43BD-8BF2-9718397AFCC3}.Release|iPhone.Build.0 = Release|Any CPU
		{6D8B549C-4B05-43BD-8BF2-9718397AFCC3}.Release|iPhoneSimulator.ActiveCfg = Release|Any CPU
		{6D8B549C-4B05-43BD-8BF2-9718397AFCC3}.Release|iPhoneSimulator.Build.0 = Release|Any CPU
		{6D8B549C-4B05-43BD-8BF2-9718397AFCC3}.Release|x64.ActiveCfg = Release|Any CPU
		{6D8B549C-4B05-43BD-8BF2-9718397AFCC3}.Release|x64.Build.0 = Release|Any CPU
		{6D8B549C-4B05-43BD-8BF2-9718397AFCC3}.Release|x86.ActiveCfg = Release|Any CPU
		{6D8B549C-4B05-43BD-8BF2-9718397AFCC3}.Release|x86.Build.0 = Release|Any CPU
		{65A0BCFE-9828-4750-8266-58C9FD522E2F}.Ad-Hoc|Any CPU.ActiveCfg = Debug|Any CPU
		{65A0BCFE-9828-4750-8266-58C9FD522E2F}.Ad-Hoc|Any CPU.Build.0 = Debug|Any CPU
		{65A0BCFE-9828-4750-8266-58C9FD522E2F}.Ad-Hoc|ARM.ActiveCfg = Debug|Any CPU
		{65A0BCFE-9828-4750-8266-58C9FD522E2F}.Ad-Hoc|ARM.Build.0 = Debug|Any CPU
		{65A0BCFE-9828-4750-8266-58C9FD522E2F}.Ad-Hoc|iPhone.ActiveCfg = Debug|Any CPU
		{65A0BCFE-9828-4750-8266-58C9FD522E2F}.Ad-Hoc|iPhone.Build.0 = Debug|Any CPU
		{65A0BCFE-9828-4750-8266-58C9FD522E2F}.Ad-Hoc|iPhoneSimulator.ActiveCfg = Debug|Any CPU
		{65A0BCFE-9828-4750-8266-58C9FD522E2F}.Ad-Hoc|iPhoneSimulator.Build.0 = Debug|Any CPU
		{65A0BCFE-9828-4750-8266-58C9FD522E2F}.Ad-Hoc|x64.ActiveCfg = Debug|Any CPU
		{65A0BCFE-9828-4750-8266-58C9FD522E2F}.Ad-Hoc|x64.Build.0 = Debug|Any CPU
		{65A0BCFE-9828-4750-8266-58C9FD522E2F}.Ad-Hoc|x86.ActiveCfg = Debug|Any CPU
		{65A0BCFE-9828-4750-8266-58C9FD522E2F}.Ad-Hoc|x86.Build.0 = Debug|Any CPU
		{65A0BCFE-9828-4750-8266-58C9FD522E2F}.AppStore|Any CPU.ActiveCfg = Debug|Any CPU
		{65A0BCFE-9828-4750-8266-58C9FD522E2F}.AppStore|Any CPU.Build.0 = Debug|Any CPU
		{65A0BCFE-9828-4750-8266-58C9FD522E2F}.AppStore|ARM.ActiveCfg = Debug|Any CPU
		{65A0BCFE-9828-4750-8266-58C9FD522E2F}.AppStore|ARM.Build.0 = Debug|Any CPU
		{65A0BCFE-9828-4750-8266-58C9FD522E2F}.AppStore|iPhone.ActiveCfg = Debug|Any CPU
		{65A0BCFE-9828-4750-8266-58C9FD522E2F}.AppStore|iPhone.Build.0 = Debug|Any CPU
		{65A0BCFE-9828-4750-8266-58C9FD522E2F}.AppStore|iPhoneSimulator.ActiveCfg = Debug|Any CPU
		{65A0BCFE-9828-4750-8266-58C9FD522E2F}.AppStore|iPhoneSimulator.Build.0 = Debug|Any CPU
		{65A0BCFE-9828-4750-8266-58C9FD522E2F}.AppStore|x64.ActiveCfg = Debug|Any CPU
		{65A0BCFE-9828-4750-8266-58C9FD522E2F}.AppStore|x64.Build.0 = Debug|Any CPU
		{65A0BCFE-9828-4750-8266-58C9FD522E2F}.AppStore|x86.ActiveCfg = Debug|Any CPU
		{65A0BCFE-9828-4750-8266-58C9FD522E2F}.AppStore|x86.Build.0 = Debug|Any CPU
		{65A0BCFE-9828-4750-8266-58C9FD522E2F}.Debug|Any CPU.ActiveCfg = Debug|Any CPU
		{65A0BCFE-9828-4750-8266-58C9FD522E2F}.Debug|Any CPU.Build.0 = Debug|Any CPU
		{65A0BCFE-9828-4750-8266-58C9FD522E2F}.Debug|ARM.ActiveCfg = Debug|Any CPU
		{65A0BCFE-9828-4750-8266-58C9FD522E2F}.Debug|ARM.Build.0 = Debug|Any CPU
		{65A0BCFE-9828-4750-8266-58C9FD522E2F}.Debug|iPhone.ActiveCfg = Debug|Any CPU
		{65A0BCFE-9828-4750-8266-58C9FD522E2F}.Debug|iPhone.Build.0 = Debug|Any CPU
		{65A0BCFE-9828-4750-8266-58C9FD522E2F}.Debug|iPhoneSimulator.ActiveCfg = Debug|Any CPU
		{65A0BCFE-9828-4750-8266-58C9FD522E2F}.Debug|iPhoneSimulator.Build.0 = Debug|Any CPU
		{65A0BCFE-9828-4750-8266-58C9FD522E2F}.Debug|x64.ActiveCfg = Debug|Any CPU
		{65A0BCFE-9828-4750-8266-58C9FD522E2F}.Debug|x64.Build.0 = Debug|Any CPU
		{65A0BCFE-9828-4750-8266-58C9FD522E2F}.Debug|x86.ActiveCfg = Debug|Any CPU
		{65A0BCFE-9828-4750-8266-58C9FD522E2F}.Debug|x86.Build.0 = Debug|Any CPU
		{65A0BCFE-9828-4750-8266-58C9FD522E2F}.Release|Any CPU.ActiveCfg = Release|Any CPU
		{65A0BCFE-9828-4750-8266-58C9FD522E2F}.Release|Any CPU.Build.0 = Release|Any CPU
		{65A0BCFE-9828-4750-8266-58C9FD522E2F}.Release|ARM.ActiveCfg = Release|Any CPU
		{65A0BCFE-9828-4750-8266-58C9FD522E2F}.Release|ARM.Build.0 = Release|Any CPU
		{65A0BCFE-9828-4750-8266-58C9FD522E2F}.Release|iPhone.ActiveCfg = Release|Any CPU
		{65A0BCFE-9828-4750-8266-58C9FD522E2F}.Release|iPhone.Build.0 = Release|Any CPU
		{65A0BCFE-9828-4750-8266-58C9FD522E2F}.Release|iPhoneSimulator.ActiveCfg = Release|Any CPU
		{65A0BCFE-9828-4750-8266-58C9FD522E2F}.Release|iPhoneSimulator.Build.0 = Release|Any CPU
		{65A0BCFE-9828-4750-8266-58C9FD522E2F}.Release|x64.ActiveCfg = Release|Any CPU
		{65A0BCFE-9828-4750-8266-58C9FD522E2F}.Release|x64.Build.0 = Release|Any CPU
		{65A0BCFE-9828-4750-8266-58C9FD522E2F}.Release|x86.ActiveCfg = Release|Any CPU
		{65A0BCFE-9828-4750-8266-58C9FD522E2F}.Release|x86.Build.0 = Release|Any CPU
		{50B231F0-E1E7-4F25-9542-899A18C48603}.Ad-Hoc|Any CPU.ActiveCfg = Debug|Any CPU
		{50B231F0-E1E7-4F25-9542-899A18C48603}.Ad-Hoc|Any CPU.Build.0 = Debug|Any CPU
		{50B231F0-E1E7-4F25-9542-899A18C48603}.Ad-Hoc|Any CPU.Deploy.0 = Debug|Any CPU
		{50B231F0-E1E7-4F25-9542-899A18C48603}.Ad-Hoc|ARM.ActiveCfg = Debug|Any CPU
		{50B231F0-E1E7-4F25-9542-899A18C48603}.Ad-Hoc|ARM.Build.0 = Debug|Any CPU
		{50B231F0-E1E7-4F25-9542-899A18C48603}.Ad-Hoc|ARM.Deploy.0 = Debug|Any CPU
		{50B231F0-E1E7-4F25-9542-899A18C48603}.Ad-Hoc|iPhone.ActiveCfg = Debug|Any CPU
		{50B231F0-E1E7-4F25-9542-899A18C48603}.Ad-Hoc|iPhone.Build.0 = Debug|Any CPU
		{50B231F0-E1E7-4F25-9542-899A18C48603}.Ad-Hoc|iPhone.Deploy.0 = Debug|Any CPU
		{50B231F0-E1E7-4F25-9542-899A18C48603}.Ad-Hoc|iPhoneSimulator.ActiveCfg = Debug|Any CPU
		{50B231F0-E1E7-4F25-9542-899A18C48603}.Ad-Hoc|iPhoneSimulator.Build.0 = Debug|Any CPU
		{50B231F0-E1E7-4F25-9542-899A18C48603}.Ad-Hoc|iPhoneSimulator.Deploy.0 = Debug|Any CPU
		{50B231F0-E1E7-4F25-9542-899A18C48603}.Ad-Hoc|x64.ActiveCfg = Debug|Any CPU
		{50B231F0-E1E7-4F25-9542-899A18C48603}.Ad-Hoc|x64.Build.0 = Debug|Any CPU
		{50B231F0-E1E7-4F25-9542-899A18C48603}.Ad-Hoc|x64.Deploy.0 = Debug|Any CPU
		{50B231F0-E1E7-4F25-9542-899A18C48603}.Ad-Hoc|x86.ActiveCfg = Debug|Any CPU
		{50B231F0-E1E7-4F25-9542-899A18C48603}.Ad-Hoc|x86.Build.0 = Debug|Any CPU
		{50B231F0-E1E7-4F25-9542-899A18C48603}.Ad-Hoc|x86.Deploy.0 = Debug|Any CPU
		{50B231F0-E1E7-4F25-9542-899A18C48603}.AppStore|Any CPU.ActiveCfg = Debug|Any CPU
		{50B231F0-E1E7-4F25-9542-899A18C48603}.AppStore|Any CPU.Build.0 = Debug|Any CPU
		{50B231F0-E1E7-4F25-9542-899A18C48603}.AppStore|Any CPU.Deploy.0 = Debug|Any CPU
		{50B231F0-E1E7-4F25-9542-899A18C48603}.AppStore|ARM.ActiveCfg = Debug|Any CPU
		{50B231F0-E1E7-4F25-9542-899A18C48603}.AppStore|ARM.Build.0 = Debug|Any CPU
		{50B231F0-E1E7-4F25-9542-899A18C48603}.AppStore|ARM.Deploy.0 = Debug|Any CPU
		{50B231F0-E1E7-4F25-9542-899A18C48603}.AppStore|iPhone.ActiveCfg = Debug|Any CPU
		{50B231F0-E1E7-4F25-9542-899A18C48603}.AppStore|iPhone.Build.0 = Debug|Any CPU
		{50B231F0-E1E7-4F25-9542-899A18C48603}.AppStore|iPhone.Deploy.0 = Debug|Any CPU
		{50B231F0-E1E7-4F25-9542-899A18C48603}.AppStore|iPhoneSimulator.ActiveCfg = Debug|Any CPU
		{50B231F0-E1E7-4F25-9542-899A18C48603}.AppStore|iPhoneSimulator.Build.0 = Debug|Any CPU
		{50B231F0-E1E7-4F25-9542-899A18C48603}.AppStore|iPhoneSimulator.Deploy.0 = Debug|Any CPU
		{50B231F0-E1E7-4F25-9542-899A18C48603}.AppStore|x64.ActiveCfg = Debug|Any CPU
		{50B231F0-E1E7-4F25-9542-899A18C48603}.AppStore|x64.Build.0 = Debug|Any CPU
		{50B231F0-E1E7-4F25-9542-899A18C48603}.AppStore|x64.Deploy.0 = Debug|Any CPU
		{50B231F0-E1E7-4F25-9542-899A18C48603}.AppStore|x86.ActiveCfg = Debug|Any CPU
		{50B231F0-E1E7-4F25-9542-899A18C48603}.AppStore|x86.Build.0 = Debug|Any CPU
		{50B231F0-E1E7-4F25-9542-899A18C48603}.AppStore|x86.Deploy.0 = Debug|Any CPU
		{50B231F0-E1E7-4F25-9542-899A18C48603}.Debug|Any CPU.ActiveCfg = Debug|Any CPU
		{50B231F0-E1E7-4F25-9542-899A18C48603}.Debug|Any CPU.Build.0 = Debug|Any CPU
		{50B231F0-E1E7-4F25-9542-899A18C48603}.Debug|Any CPU.Deploy.0 = Debug|Any CPU
		{50B231F0-E1E7-4F25-9542-899A18C48603}.Debug|ARM.ActiveCfg = Debug|Any CPU
		{50B231F0-E1E7-4F25-9542-899A18C48603}.Debug|ARM.Build.0 = Debug|Any CPU
		{50B231F0-E1E7-4F25-9542-899A18C48603}.Debug|ARM.Deploy.0 = Debug|Any CPU
		{50B231F0-E1E7-4F25-9542-899A18C48603}.Debug|iPhone.ActiveCfg = Debug|Any CPU
		{50B231F0-E1E7-4F25-9542-899A18C48603}.Debug|iPhone.Build.0 = Debug|Any CPU
		{50B231F0-E1E7-4F25-9542-899A18C48603}.Debug|iPhone.Deploy.0 = Debug|Any CPU
		{50B231F0-E1E7-4F25-9542-899A18C48603}.Debug|iPhoneSimulator.ActiveCfg = Debug|Any CPU
		{50B231F0-E1E7-4F25-9542-899A18C48603}.Debug|iPhoneSimulator.Build.0 = Debug|Any CPU
		{50B231F0-E1E7-4F25-9542-899A18C48603}.Debug|iPhoneSimulator.Deploy.0 = Debug|Any CPU
		{50B231F0-E1E7-4F25-9542-899A18C48603}.Debug|x64.ActiveCfg = Debug|Any CPU
		{50B231F0-E1E7-4F25-9542-899A18C48603}.Debug|x64.Build.0 = Debug|Any CPU
		{50B231F0-E1E7-4F25-9542-899A18C48603}.Debug|x64.Deploy.0 = Debug|Any CPU
		{50B231F0-E1E7-4F25-9542-899A18C48603}.Debug|x86.ActiveCfg = Debug|Any CPU
		{50B231F0-E1E7-4F25-9542-899A18C48603}.Debug|x86.Build.0 = Debug|Any CPU
		{50B231F0-E1E7-4F25-9542-899A18C48603}.Debug|x86.Deploy.0 = Debug|Any CPU
		{50B231F0-E1E7-4F25-9542-899A18C48603}.Release|Any CPU.ActiveCfg = Release|Any CPU
		{50B231F0-E1E7-4F25-9542-899A18C48603}.Release|Any CPU.Build.0 = Release|Any CPU
		{50B231F0-E1E7-4F25-9542-899A18C48603}.Release|Any CPU.Deploy.0 = Release|Any CPU
		{50B231F0-E1E7-4F25-9542-899A18C48603}.Release|ARM.ActiveCfg = Release|Any CPU
		{50B231F0-E1E7-4F25-9542-899A18C48603}.Release|ARM.Build.0 = Release|Any CPU
		{50B231F0-E1E7-4F25-9542-899A18C48603}.Release|ARM.Deploy.0 = Release|Any CPU
		{50B231F0-E1E7-4F25-9542-899A18C48603}.Release|iPhone.ActiveCfg = Release|Any CPU
		{50B231F0-E1E7-4F25-9542-899A18C48603}.Release|iPhone.Build.0 = Release|Any CPU
		{50B231F0-E1E7-4F25-9542-899A18C48603}.Release|iPhone.Deploy.0 = Release|Any CPU
		{50B231F0-E1E7-4F25-9542-899A18C48603}.Release|iPhoneSimulator.ActiveCfg = Release|Any CPU
		{50B231F0-E1E7-4F25-9542-899A18C48603}.Release|iPhoneSimulator.Build.0 = Release|Any CPU
		{50B231F0-E1E7-4F25-9542-899A18C48603}.Release|iPhoneSimulator.Deploy.0 = Release|Any CPU
		{50B231F0-E1E7-4F25-9542-899A18C48603}.Release|x64.ActiveCfg = Release|Any CPU
		{50B231F0-E1E7-4F25-9542-899A18C48603}.Release|x64.Build.0 = Release|Any CPU
		{50B231F0-E1E7-4F25-9542-899A18C48603}.Release|x64.Deploy.0 = Release|Any CPU
		{50B231F0-E1E7-4F25-9542-899A18C48603}.Release|x86.ActiveCfg = Release|Any CPU
		{50B231F0-E1E7-4F25-9542-899A18C48603}.Release|x86.Build.0 = Release|Any CPU
		{50B231F0-E1E7-4F25-9542-899A18C48603}.Release|x86.Deploy.0 = Release|Any CPU
		{5DEB77EF-EFF1-4508-825D-AF66F1FEF0B0}.Ad-Hoc|Any CPU.ActiveCfg = Ad-Hoc|iPhoneSimulator
		{5DEB77EF-EFF1-4508-825D-AF66F1FEF0B0}.Ad-Hoc|ARM.ActiveCfg = Ad-Hoc|iPhoneSimulator
		{5DEB77EF-EFF1-4508-825D-AF66F1FEF0B0}.Ad-Hoc|iPhone.ActiveCfg = Ad-Hoc|iPhone
		{5DEB77EF-EFF1-4508-825D-AF66F1FEF0B0}.Ad-Hoc|iPhone.Build.0 = Ad-Hoc|iPhone
		{5DEB77EF-EFF1-4508-825D-AF66F1FEF0B0}.Ad-Hoc|iPhoneSimulator.ActiveCfg = Ad-Hoc|iPhoneSimulator
		{5DEB77EF-EFF1-4508-825D-AF66F1FEF0B0}.Ad-Hoc|iPhoneSimulator.Build.0 = Ad-Hoc|iPhoneSimulator
		{5DEB77EF-EFF1-4508-825D-AF66F1FEF0B0}.Ad-Hoc|x64.ActiveCfg = Ad-Hoc|iPhoneSimulator
		{5DEB77EF-EFF1-4508-825D-AF66F1FEF0B0}.Ad-Hoc|x86.ActiveCfg = Ad-Hoc|iPhoneSimulator
		{5DEB77EF-EFF1-4508-825D-AF66F1FEF0B0}.AppStore|Any CPU.ActiveCfg = AppStore|iPhoneSimulator
		{5DEB77EF-EFF1-4508-825D-AF66F1FEF0B0}.AppStore|ARM.ActiveCfg = AppStore|iPhoneSimulator
		{5DEB77EF-EFF1-4508-825D-AF66F1FEF0B0}.AppStore|iPhone.ActiveCfg = AppStore|iPhone
		{5DEB77EF-EFF1-4508-825D-AF66F1FEF0B0}.AppStore|iPhone.Build.0 = AppStore|iPhone
		{5DEB77EF-EFF1-4508-825D-AF66F1FEF0B0}.AppStore|iPhoneSimulator.ActiveCfg = AppStore|iPhoneSimulator
		{5DEB77EF-EFF1-4508-825D-AF66F1FEF0B0}.AppStore|iPhoneSimulator.Build.0 = AppStore|iPhoneSimulator
		{5DEB77EF-EFF1-4508-825D-AF66F1FEF0B0}.AppStore|x64.ActiveCfg = AppStore|iPhoneSimulator
		{5DEB77EF-EFF1-4508-825D-AF66F1FEF0B0}.AppStore|x86.ActiveCfg = AppStore|iPhoneSimulator
		{5DEB77EF-EFF1-4508-825D-AF66F1FEF0B0}.Debug|Any CPU.ActiveCfg = Debug|iPhoneSimulator
		{5DEB77EF-EFF1-4508-825D-AF66F1FEF0B0}.Debug|ARM.ActiveCfg = Debug|iPhoneSimulator
		{5DEB77EF-EFF1-4508-825D-AF66F1FEF0B0}.Debug|iPhone.ActiveCfg = Debug|iPhone
		{5DEB77EF-EFF1-4508-825D-AF66F1FEF0B0}.Debug|iPhone.Build.0 = Debug|iPhone
		{5DEB77EF-EFF1-4508-825D-AF66F1FEF0B0}.Debug|iPhoneSimulator.ActiveCfg = Debug|iPhoneSimulator
		{5DEB77EF-EFF1-4508-825D-AF66F1FEF0B0}.Debug|iPhoneSimulator.Build.0 = Debug|iPhoneSimulator
		{5DEB77EF-EFF1-4508-825D-AF66F1FEF0B0}.Debug|x64.ActiveCfg = Debug|iPhoneSimulator
		{5DEB77EF-EFF1-4508-825D-AF66F1FEF0B0}.Debug|x86.ActiveCfg = Debug|iPhoneSimulator
		{5DEB77EF-EFF1-4508-825D-AF66F1FEF0B0}.Release|Any CPU.ActiveCfg = Release|iPhoneSimulator
		{5DEB77EF-EFF1-4508-825D-AF66F1FEF0B0}.Release|ARM.ActiveCfg = Release|iPhoneSimulator
		{5DEB77EF-EFF1-4508-825D-AF66F1FEF0B0}.Release|iPhone.ActiveCfg = Release|iPhone
		{5DEB77EF-EFF1-4508-825D-AF66F1FEF0B0}.Release|iPhone.Build.0 = Release|iPhone
		{5DEB77EF-EFF1-4508-825D-AF66F1FEF0B0}.Release|iPhoneSimulator.ActiveCfg = Release|iPhoneSimulator
		{5DEB77EF-EFF1-4508-825D-AF66F1FEF0B0}.Release|iPhoneSimulator.Build.0 = Release|iPhoneSimulator
		{5DEB77EF-EFF1-4508-825D-AF66F1FEF0B0}.Release|x64.ActiveCfg = Release|iPhoneSimulator
		{5DEB77EF-EFF1-4508-825D-AF66F1FEF0B0}.Release|x86.ActiveCfg = Release|iPhoneSimulator
		{5619DF83-9C2B-4549-91FC-525BF9BD9554}.Ad-Hoc|Any CPU.ActiveCfg = Debug|ARM
		{5619DF83-9C2B-4549-91FC-525BF9BD9554}.Ad-Hoc|Any CPU.Build.0 = Debug|ARM
		{5619DF83-9C2B-4549-91FC-525BF9BD9554}.Ad-Hoc|Any CPU.Deploy.0 = Debug|ARM
		{5619DF83-9C2B-4549-91FC-525BF9BD9554}.Ad-Hoc|ARM.ActiveCfg = Debug|ARM
		{5619DF83-9C2B-4549-91FC-525BF9BD9554}.Ad-Hoc|ARM.Build.0 = Debug|ARM
		{5619DF83-9C2B-4549-91FC-525BF9BD9554}.Ad-Hoc|ARM.Deploy.0 = Debug|ARM
		{5619DF83-9C2B-4549-91FC-525BF9BD9554}.Ad-Hoc|iPhone.ActiveCfg = Debug|ARM
		{5619DF83-9C2B-4549-91FC-525BF9BD9554}.Ad-Hoc|iPhone.Build.0 = Debug|ARM
		{5619DF83-9C2B-4549-91FC-525BF9BD9554}.Ad-Hoc|iPhone.Deploy.0 = Debug|ARM
		{5619DF83-9C2B-4549-91FC-525BF9BD9554}.Ad-Hoc|iPhoneSimulator.ActiveCfg = Debug|ARM
		{5619DF83-9C2B-4549-91FC-525BF9BD9554}.Ad-Hoc|iPhoneSimulator.Build.0 = Debug|ARM
		{5619DF83-9C2B-4549-91FC-525BF9BD9554}.Ad-Hoc|iPhoneSimulator.Deploy.0 = Debug|ARM
		{5619DF83-9C2B-4549-91FC-525BF9BD9554}.Ad-Hoc|x64.ActiveCfg = Debug|x64
		{5619DF83-9C2B-4549-91FC-525BF9BD9554}.Ad-Hoc|x64.Build.0 = Debug|x64
		{5619DF83-9C2B-4549-91FC-525BF9BD9554}.Ad-Hoc|x64.Deploy.0 = Debug|x64
		{5619DF83-9C2B-4549-91FC-525BF9BD9554}.Ad-Hoc|x86.ActiveCfg = Debug|x86
		{5619DF83-9C2B-4549-91FC-525BF9BD9554}.Ad-Hoc|x86.Build.0 = Debug|x86
		{5619DF83-9C2B-4549-91FC-525BF9BD9554}.Ad-Hoc|x86.Deploy.0 = Debug|x86
		{5619DF83-9C2B-4549-91FC-525BF9BD9554}.AppStore|Any CPU.ActiveCfg = Debug|ARM
		{5619DF83-9C2B-4549-91FC-525BF9BD9554}.AppStore|Any CPU.Build.0 = Debug|ARM
		{5619DF83-9C2B-4549-91FC-525BF9BD9554}.AppStore|Any CPU.Deploy.0 = Debug|ARM
		{5619DF83-9C2B-4549-91FC-525BF9BD9554}.AppStore|ARM.ActiveCfg = Debug|ARM
		{5619DF83-9C2B-4549-91FC-525BF9BD9554}.AppStore|ARM.Build.0 = Debug|ARM
		{5619DF83-9C2B-4549-91FC-525BF9BD9554}.AppStore|ARM.Deploy.0 = Debug|ARM
		{5619DF83-9C2B-4549-91FC-525BF9BD9554}.AppStore|iPhone.ActiveCfg = Debug|ARM
		{5619DF83-9C2B-4549-91FC-525BF9BD9554}.AppStore|iPhone.Build.0 = Debug|ARM
		{5619DF83-9C2B-4549-91FC-525BF9BD9554}.AppStore|iPhone.Deploy.0 = Debug|ARM
		{5619DF83-9C2B-4549-91FC-525BF9BD9554}.AppStore|iPhoneSimulator.ActiveCfg = Debug|ARM
		{5619DF83-9C2B-4549-91FC-525BF9BD9554}.AppStore|iPhoneSimulator.Build.0 = Debug|ARM
		{5619DF83-9C2B-4549-91FC-525BF9BD9554}.AppStore|iPhoneSimulator.Deploy.0 = Debug|ARM
		{5619DF83-9C2B-4549-91FC-525BF9BD9554}.AppStore|x64.ActiveCfg = Debug|x64
		{5619DF83-9C2B-4549-91FC-525BF9BD9554}.AppStore|x64.Build.0 = Debug|x64
		{5619DF83-9C2B-4549-91FC-525BF9BD9554}.AppStore|x64.Deploy.0 = Debug|x64
		{5619DF83-9C2B-4549-91FC-525BF9BD9554}.AppStore|x86.ActiveCfg = Debug|x86
		{5619DF83-9C2B-4549-91FC-525BF9BD9554}.AppStore|x86.Build.0 = Debug|x86
		{5619DF83-9C2B-4549-91FC-525BF9BD9554}.AppStore|x86.Deploy.0 = Debug|x86
		{5619DF83-9C2B-4549-91FC-525BF9BD9554}.Debug|Any CPU.ActiveCfg = Debug|x86
		{5619DF83-9C2B-4549-91FC-525BF9BD9554}.Debug|ARM.ActiveCfg = Debug|ARM
		{5619DF83-9C2B-4549-91FC-525BF9BD9554}.Debug|ARM.Build.0 = Debug|ARM
		{5619DF83-9C2B-4549-91FC-525BF9BD9554}.Debug|ARM.Deploy.0 = Debug|ARM
		{5619DF83-9C2B-4549-91FC-525BF9BD9554}.Debug|iPhone.ActiveCfg = Debug|x86
		{5619DF83-9C2B-4549-91FC-525BF9BD9554}.Debug|iPhoneSimulator.ActiveCfg = Debug|x86
		{5619DF83-9C2B-4549-91FC-525BF9BD9554}.Debug|x64.ActiveCfg = Debug|x64
		{5619DF83-9C2B-4549-91FC-525BF9BD9554}.Debug|x64.Build.0 = Debug|x64
		{5619DF83-9C2B-4549-91FC-525BF9BD9554}.Debug|x64.Deploy.0 = Debug|x64
		{5619DF83-9C2B-4549-91FC-525BF9BD9554}.Debug|x86.ActiveCfg = Debug|x86
		{5619DF83-9C2B-4549-91FC-525BF9BD9554}.Debug|x86.Build.0 = Debug|x86
		{5619DF83-9C2B-4549-91FC-525BF9BD9554}.Debug|x86.Deploy.0 = Debug|x86
		{5619DF83-9C2B-4549-91FC-525BF9BD9554}.Release|Any CPU.ActiveCfg = Release|x86
		{5619DF83-9C2B-4549-91FC-525BF9BD9554}.Release|ARM.ActiveCfg = Release|ARM
		{5619DF83-9C2B-4549-91FC-525BF9BD9554}.Release|ARM.Build.0 = Release|ARM
		{5619DF83-9C2B-4549-91FC-525BF9BD9554}.Release|ARM.Deploy.0 = Release|ARM
		{5619DF83-9C2B-4549-91FC-525BF9BD9554}.Release|iPhone.ActiveCfg = Release|x86
		{5619DF83-9C2B-4549-91FC-525BF9BD9554}.Release|iPhoneSimulator.ActiveCfg = Release|x86
		{5619DF83-9C2B-4549-91FC-525BF9BD9554}.Release|x64.ActiveCfg = Release|x64
		{5619DF83-9C2B-4549-91FC-525BF9BD9554}.Release|x64.Build.0 = Release|x64
		{5619DF83-9C2B-4549-91FC-525BF9BD9554}.Release|x64.Deploy.0 = Release|x64
		{5619DF83-9C2B-4549-91FC-525BF9BD9554}.Release|x86.ActiveCfg = Release|x86
		{5619DF83-9C2B-4549-91FC-525BF9BD9554}.Release|x86.Build.0 = Release|x86
		{5619DF83-9C2B-4549-91FC-525BF9BD9554}.Release|x86.Deploy.0 = Release|x86
	EndGlobalSection
	GlobalSection(SolutionProperties) = preSolution
		HideSolutionNode = FALSE
	EndGlobalSection
	GlobalSection(NestedProjects) = preSolution
		{6D8B549C-4B05-43BD-8BF2-9718397AFCC3} = {0926AED9-3F92-4FCA-91B9-825D769E7B87}
		{EF5CF715-48CA-477B-BB23-7F750BF970FA} = {0926AED9-3F92-4FCA-91B9-825D769E7B87}
	EndGlobalSection
	GlobalSection(ExtensibilityGlobals) = postSolution
		SolutionGuid = {2DEEF896-0DFE-4989-A66E-082BBC32C37F}
	EndGlobalSection
EndGlobal
