
Microsoft Visual Studio Solution File, Format Version 12.00
# Visual Studio Version 16
VisualStudioVersion = 16.0.31229.75
MinimumVisualStudioVersion = 10.0.40219.1
Project("{FAE04EC0-301F-11D3-BF4B-00C04F79EFBC}") = "eStoreMobile.Android", "eStoreMobile\eStoreMobile.Android\eStoreMobile.Android.csproj", "{A1835CF9-7253-499D-9829-E9E9836E2E6B}"
EndProject
Project("{FAE04EC0-301F-11D3-BF4B-00C04F79EFBC}") = "eStoreMobile.iOS", "eStoreMobile\eStoreMobile.iOS\eStoreMobile.iOS.csproj", "{1C820141-57D0-44AD-92A5-7C69531AF8C5}"
EndProject
Project("{9A19103F-16F7-4668-BE54-9A1E7A4F7556}") = "eStoreMobile", "eStoreMobile\eStoreMobile\eStoreMobile.csproj", "{B8C71E91-3F75-46DC-9BB9-8B0035D6F7E2}"
EndProject
Project("{D954291E-2A0B-460D-934E-DC6B0785DB48}") = "eStore.Shared", "..\eStoreWeb\eStore.Shared\eStore.Shared.shproj", "{AD575A80-1A21-41CF-858C-41F0DD7EE827}"
EndProject
Project("{2150E333-8FDC-42A3-9474-1A3956D46DE8}") = "eStore", "eStore", "{6644B74A-CF54-4EEE-85E2-1BE04D3194C9}"
EndProject
Project("{9A19103F-16F7-4668-BE54-9A1E7A4F7556}") = "eStoreMobile.Core", "eStoreMobile.Core\eStoreMobile.Core.csproj", "{6D8B549C-4B05-43BD-8BF2-9718397AFCC3}"
EndProject
Project("{D954291E-2A0B-460D-934E-DC6B0785DB48}") = "eStoreMobile.Shared", "eStoreMobile.Shared\eStoreMobile.Shared.shproj", "{EF5CF715-48CA-477B-BB23-7F750BF970FA}"
EndProject
Project("{2150E333-8FDC-42A3-9474-1A3956D46DE8}") = "Solution Items", "Solution Items", "{9AC78725-C318-486E-86FA-092FBBD49766}"
	ProjectSection(SolutionItems) = preProject
		.editorconfig = .editorconfig
	EndProjectSection
EndProject
Global
	GlobalSection(SharedMSBuildProjectFiles) = preSolution
		eStoreMobile.Shared\eStoreMobile.Shared.projitems*{6d8b549c-4b05-43bd-8bf2-9718397afcc3}*SharedItemsImports = 5
		eStoreMobile.Shared\eStoreMobile.Shared.projitems*{ef5cf715-48ca-477b-bb23-7f750bf970fa}*SharedItemsImports = 13
	EndGlobalSection
	GlobalSection(SolutionConfigurationPlatforms) = preSolution
		Debug|Any CPU = Debug|Any CPU
		Debug|iPhone = Debug|iPhone
		Debug|iPhoneSimulator = Debug|iPhoneSimulator
		Release|Any CPU = Release|Any CPU
		Release|iPhone = Release|iPhone
		Release|iPhoneSimulator = Release|iPhoneSimulator
	EndGlobalSection
	GlobalSection(ProjectConfigurationPlatforms) = postSolution
		{A1835CF9-7253-499D-9829-E9E9836E2E6B}.Debug|Any CPU.ActiveCfg = Debug|Any CPU
		{A1835CF9-7253-499D-9829-E9E9836E2E6B}.Debug|Any CPU.Build.0 = Debug|Any CPU
		{A1835CF9-7253-499D-9829-E9E9836E2E6B}.Debug|Any CPU.Deploy.0 = Debug|Any CPU
		{A1835CF9-7253-499D-9829-E9E9836E2E6B}.Debug|iPhone.ActiveCfg = Debug|Any CPU
		{A1835CF9-7253-499D-9829-E9E9836E2E6B}.Debug|iPhone.Build.0 = Debug|Any CPU
		{A1835CF9-7253-499D-9829-E9E9836E2E6B}.Debug|iPhone.Deploy.0 = Debug|Any CPU
		{A1835CF9-7253-499D-9829-E9E9836E2E6B}.Debug|iPhoneSimulator.ActiveCfg = Debug|Any CPU
		{A1835CF9-7253-499D-9829-E9E9836E2E6B}.Debug|iPhoneSimulator.Build.0 = Debug|Any CPU
		{A1835CF9-7253-499D-9829-E9E9836E2E6B}.Debug|iPhoneSimulator.Deploy.0 = Debug|Any CPU
		{A1835CF9-7253-499D-9829-E9E9836E2E6B}.Release|Any CPU.ActiveCfg = Release|Any CPU
		{A1835CF9-7253-499D-9829-E9E9836E2E6B}.Release|Any CPU.Build.0 = Release|Any CPU
		{A1835CF9-7253-499D-9829-E9E9836E2E6B}.Release|Any CPU.Deploy.0 = Release|Any CPU
		{A1835CF9-7253-499D-9829-E9E9836E2E6B}.Release|iPhone.ActiveCfg = Release|Any CPU
		{A1835CF9-7253-499D-9829-E9E9836E2E6B}.Release|iPhone.Build.0 = Release|Any CPU
		{A1835CF9-7253-499D-9829-E9E9836E2E6B}.Release|iPhone.Deploy.0 = Release|Any CPU
		{A1835CF9-7253-499D-9829-E9E9836E2E6B}.Release|iPhoneSimulator.ActiveCfg = Release|Any CPU
		{A1835CF9-7253-499D-9829-E9E9836E2E6B}.Release|iPhoneSimulator.Build.0 = Release|Any CPU
		{A1835CF9-7253-499D-9829-E9E9836E2E6B}.Release|iPhoneSimulator.Deploy.0 = Release|Any CPU
		{1C820141-57D0-44AD-92A5-7C69531AF8C5}.Debug|Any CPU.ActiveCfg = Debug|iPhone
		{1C820141-57D0-44AD-92A5-7C69531AF8C5}.Debug|Any CPU.Build.0 = Debug|iPhone
		{1C820141-57D0-44AD-92A5-7C69531AF8C5}.Debug|Any CPU.Deploy.0 = Debug|iPhone
		{1C820141-57D0-44AD-92A5-7C69531AF8C5}.Debug|iPhone.ActiveCfg = Debug|iPhone
		{1C820141-57D0-44AD-92A5-7C69531AF8C5}.Debug|iPhone.Build.0 = Debug|iPhone
		{1C820141-57D0-44AD-92A5-7C69531AF8C5}.Debug|iPhone.Deploy.0 = Debug|iPhone
		{1C820141-57D0-44AD-92A5-7C69531AF8C5}.Debug|iPhoneSimulator.ActiveCfg = Debug|iPhoneSimulator
		{1C820141-57D0-44AD-92A5-7C69531AF8C5}.Debug|iPhoneSimulator.Build.0 = Debug|iPhoneSimulator
		{1C820141-57D0-44AD-92A5-7C69531AF8C5}.Debug|iPhoneSimulator.Deploy.0 = Debug|iPhoneSimulator
		{1C820141-57D0-44AD-92A5-7C69531AF8C5}.Release|Any CPU.ActiveCfg = Release|iPhoneSimulator
		{1C820141-57D0-44AD-92A5-7C69531AF8C5}.Release|Any CPU.Build.0 = Release|iPhoneSimulator
		{1C820141-57D0-44AD-92A5-7C69531AF8C5}.Release|Any CPU.Deploy.0 = Release|iPhoneSimulator
		{1C820141-57D0-44AD-92A5-7C69531AF8C5}.Release|iPhone.ActiveCfg = Release|iPhone
		{1C820141-57D0-44AD-92A5-7C69531AF8C5}.Release|iPhone.Build.0 = Release|iPhone
		{1C820141-57D0-44AD-92A5-7C69531AF8C5}.Release|iPhone.Deploy.0 = Release|iPhone
		{1C820141-57D0-44AD-92A5-7C69531AF8C5}.Release|iPhoneSimulator.ActiveCfg = Release|iPhoneSimulator
		{1C820141-57D0-44AD-92A5-7C69531AF8C5}.Release|iPhoneSimulator.Build.0 = Release|iPhoneSimulator
		{1C820141-57D0-44AD-92A5-7C69531AF8C5}.Release|iPhoneSimulator.Deploy.0 = Release|iPhoneSimulator
		{B8C71E91-3F75-46DC-9BB9-8B0035D6F7E2}.Debug|Any CPU.ActiveCfg = Debug|Any CPU
		{B8C71E91-3F75-46DC-9BB9-8B0035D6F7E2}.Debug|Any CPU.Build.0 = Debug|Any CPU
		{B8C71E91-3F75-46DC-9BB9-8B0035D6F7E2}.Debug|Any CPU.Deploy.0 = Debug|Any CPU
		{B8C71E91-3F75-46DC-9BB9-8B0035D6F7E2}.Debug|iPhone.ActiveCfg = Debug|Any CPU
		{B8C71E91-3F75-46DC-9BB9-8B0035D6F7E2}.Debug|iPhone.Build.0 = Debug|Any CPU
		{B8C71E91-3F75-46DC-9BB9-8B0035D6F7E2}.Debug|iPhone.Deploy.0 = Debug|Any CPU
		{B8C71E91-3F75-46DC-9BB9-8B0035D6F7E2}.Debug|iPhoneSimulator.ActiveCfg = Debug|Any CPU
		{B8C71E91-3F75-46DC-9BB9-8B0035D6F7E2}.Debug|iPhoneSimulator.Build.0 = Debug|Any CPU
		{B8C71E91-3F75-46DC-9BB9-8B0035D6F7E2}.Debug|iPhoneSimulator.Deploy.0 = Debug|Any CPU
		{B8C71E91-3F75-46DC-9BB9-8B0035D6F7E2}.Release|Any CPU.ActiveCfg = Release|Any CPU
		{B8C71E91-3F75-46DC-9BB9-8B0035D6F7E2}.Release|Any CPU.Build.0 = Release|Any CPU
		{B8C71E91-3F75-46DC-9BB9-8B0035D6F7E2}.Release|Any CPU.Deploy.0 = Release|Any CPU
		{B8C71E91-3F75-46DC-9BB9-8B0035D6F7E2}.Release|iPhone.ActiveCfg = Release|Any CPU
		{B8C71E91-3F75-46DC-9BB9-8B0035D6F7E2}.Release|iPhone.Build.0 = Release|Any CPU
		{B8C71E91-3F75-46DC-9BB9-8B0035D6F7E2}.Release|iPhone.Deploy.0 = Release|Any CPU
		{B8C71E91-3F75-46DC-9BB9-8B0035D6F7E2}.Release|iPhoneSimulator.ActiveCfg = Release|Any CPU
		{B8C71E91-3F75-46DC-9BB9-8B0035D6F7E2}.Release|iPhoneSimulator.Build.0 = Release|Any CPU
		{B8C71E91-3F75-46DC-9BB9-8B0035D6F7E2}.Release|iPhoneSimulator.Deploy.0 = Release|Any CPU
		{6D8B549C-4B05-43BD-8BF2-9718397AFCC3}.Debug|Any CPU.ActiveCfg = Debug|Any CPU
		{6D8B549C-4B05-43BD-8BF2-9718397AFCC3}.Debug|Any CPU.Build.0 = Debug|Any CPU
		{6D8B549C-4B05-43BD-8BF2-9718397AFCC3}.Debug|iPhone.ActiveCfg = Debug|Any CPU
		{6D8B549C-4B05-43BD-8BF2-9718397AFCC3}.Debug|iPhone.Build.0 = Debug|Any CPU
		{6D8B549C-4B05-43BD-8BF2-9718397AFCC3}.Debug|iPhoneSimulator.ActiveCfg = Debug|Any CPU
		{6D8B549C-4B05-43BD-8BF2-9718397AFCC3}.Debug|iPhoneSimulator.Build.0 = Debug|Any CPU
		{6D8B549C-4B05-43BD-8BF2-9718397AFCC3}.Release|Any CPU.ActiveCfg = Release|Any CPU
		{6D8B549C-4B05-43BD-8BF2-9718397AFCC3}.Release|Any CPU.Build.0 = Release|Any CPU
		{6D8B549C-4B05-43BD-8BF2-9718397AFCC3}.Release|iPhone.ActiveCfg = Release|Any CPU
		{6D8B549C-4B05-43BD-8BF2-9718397AFCC3}.Release|iPhone.Build.0 = Release|Any CPU
		{6D8B549C-4B05-43BD-8BF2-9718397AFCC3}.Release|iPhoneSimulator.ActiveCfg = Release|Any CPU
		{6D8B549C-4B05-43BD-8BF2-9718397AFCC3}.Release|iPhoneSimulator.Build.0 = Release|Any CPU
	EndGlobalSection
	GlobalSection(SolutionProperties) = preSolution
		HideSolutionNode = FALSE
	EndGlobalSection
	GlobalSection(NestedProjects) = preSolution
		{AD575A80-1A21-41CF-858C-41F0DD7EE827} = {6644B74A-CF54-4EEE-85E2-1BE04D3194C9}
	EndGlobalSection
	GlobalSection(ExtensibilityGlobals) = postSolution
		SolutionGuid = {2DEEF896-0DFE-4989-A66E-082BBC32C37F}
	EndGlobalSection
EndGlobal
